
Microsoft Visual Studio Solution File, Format Version 12.00
# Visual Studio Version 17
VisualStudioVersion = 17.14.36603.0
MinimumVisualStudioVersion = 10.0.40219.1
Project("{2150E333-8FDC-42A3-9474-1A3956D46DE8}") = "Task0", "Task0", "{02EA681E-C7D8-13C7-8484-4AC65E1B71E8}"
EndProject
Project("{FAE04EC0-301F-11D3-BF4B-00C04F79EFBC}") = "Tyuiu.VegerinaVV.Sprint4.Task0.V12", "Tyuiu.VegerinaVV.Sprint4.Task0.V12\Tyuiu.VegerinaVV.Sprint4.Task0.V12.csproj", "{77B8F5C5-F43F-423B-B8A8-929B41FD82DA}"
EndProject
Project("{FAE04EC0-301F-11D3-BF4B-00C04F79EFBC}") = "Tyuiu.VegerinaVV.Sprint4.Task0.V12.Lib", "Tyuiu.VegerinaVV.Sprint4.Task0.V12.Lib\Tyuiu.VegerinaVV.Sprint4.Task0.V12.Lib.csproj", "{4D88E71E-2F98-4E62-83D3-67F4B5D145BE}"
EndProject
Project("{FAE04EC0-301F-11D3-BF4B-00C04F79EFBC}") = "Tyuiu.VegerinaVV.Sprint4.Task0.V12.Test", "Tyuiu.VegerinaVV.Sprint4.Task0.V12.Test\Tyuiu.VegerinaVV.Sprint4.Task0.V12.Test.csproj", "{8CAF66D6-D673-430C-B032-6115C7795290}"
EndProject
Project("{2150E333-8FDC-42A3-9474-1A3956D46DE8}") = "Task1", "Task1", "{9E48CC41-29D2-466A-86A2-EBDD45205B15}"
EndProject
Project("{FAE04EC0-301F-11D3-BF4B-00C04F79EFBC}") = "Tyuiu.VegerinaVV.Sprint4.Task1.V10", "Tyuiu.VegerinaVV.Sprint4.Task1.V10\Tyuiu.VegerinaVV.Sprint4.Task1.V10.csproj", "{D2A6AAB4-E00F-41DD-A304-29F99FEB95E7}"
EndProject
Project("{FAE04EC0-301F-11D3-BF4B-00C04F79EFBC}") = "Tyuiu.VegerinaVV.Sprint4.Task1.V10.Lib", "Tyuiu.VegerinaVV.Sprint4.Task1.V10.Lib\Tyuiu.VegerinaVV.Sprint4.Task1.V10.Lib.csproj", "{B4310938-4DB0-443A-9E5A-D30E895D905B}"
EndProject
Project("{FAE04EC0-301F-11D3-BF4B-00C04F79EFBC}") = "Tyuiu.VegerinaVV.Sprint4.Task1.V10.Test", "Tyuiu.VegerinaVV.Sprint4.Task1.V10.Test\Tyuiu.VegerinaVV.Sprint4.Task1.V10.Test.csproj", "{63B16EDB-FE84-4F71-AA8A-A6EE600C55FE}"
EndProject
Project("{2150E333-8FDC-42A3-9474-1A3956D46DE8}") = "Task2", "Task2", "{16BAC63C-39B3-425B-9D60-D2DB1200A642}"
EndProject
Project("{FAE04EC0-301F-11D3-BF4B-00C04F79EFBC}") = "Tyuiu.VegerinaVV.Sprint4.Task2.V13", "Tyuiu.VegerinaVV.Sprint4.Task2.V13\Tyuiu.VegerinaVV.Sprint4.Task2.V13.csproj", "{147F6406-A2B0-4E80-8328-7E764102B268}"
EndProject
Project("{FAE04EC0-301F-11D3-BF4B-00C04F79EFBC}") = "Tyuiu.VegerinaVV.Sprint4.Task2.V13.Lib", "Tyuiu.VegerinaVV.Sprint4.Task2.V13.Lib\Tyuiu.VegerinaVV.Sprint4.Task2.V13.Lib.csproj", "{3C3E7D60-1CBF-49FE-B4BA-4953CD5665DB}"
EndProject
Project("{FAE04EC0-301F-11D3-BF4B-00C04F79EFBC}") = "Tyuiu.VegerinaVV.Sprint4.Task2.V13.Test", "Tyuiu.VegerinaVV.Sprint4.Task2.V13.Test\Tyuiu.VegerinaVV.Sprint4.Task2.V13.Test.csproj", "{A4E2AC57-CE2E-40DF-B0E6-6C63815E7581}"
EndProject
Project("{2150E333-8FDC-42A3-9474-1A3956D46DE8}") = "Task3", "Task3", "{5CC13842-436D-408E-88D0-391099743A1F}"
EndProject
Project("{FAE04EC0-301F-11D3-BF4B-00C04F79EFBC}") = "Tyuiu.VegerinaVV.Sprint4.Task3.V27", "Tyuiu.VegerinaVV.Sprint4.Task3.V27\Tyuiu.VegerinaVV.Sprint4.Task3.V27.csproj", "{BA008AD1-92E9-4927-A715-45B2059E4B01}"
EndProject
Project("{FAE04EC0-301F-11D3-BF4B-00C04F79EFBC}") = "Tyuiu.VegerinaVV.Sprint4.Task3.V27.Lib", "Tyuiu.VegerinaVV.Sprint4.Task3.V27.Lib\Tyuiu.VegerinaVV.Sprint4.Task3.V27.Lib.csproj", "{2F97EBA6-8BA2-442C-8E83-E35C5B0C734A}"
EndProject
Project("{FAE04EC0-301F-11D3-BF4B-00C04F79EFBC}") = "Tyuiu.VegerinaVV.Sprint4.Task3.V27.Test", "Tyuiu.VegerinaVV.Sprint4.Task3.V27.Test\Tyuiu.VegerinaVV.Sprint4.Task3.V27.Test.csproj", "{CA7A4CF6-7207-4940-9C8F-F58952B69B0E}"
EndProject
Project("{2150E333-8FDC-42A3-9474-1A3956D46DE8}") = "Task4", "Task4", "{25ACD014-2A87-4A6B-A24D-32F97EA65AAB}"
EndProject
Project("{FAE04EC0-301F-11D3-BF4B-00C04F79EFBC}") = "Tyuiu.VegerinaVV.Sprint4.Task4.V26", "Tyuiu.VegerinaVV.Sprint4.Task4.V26\Tyuiu.VegerinaVV.Sprint4.Task4.V26.csproj", "{C1EC3C75-8F7C-4119-8BFD-9DA7E3462850}"
EndProject
Project("{FAE04EC0-301F-11D3-BF4B-00C04F79EFBC}") = "Tyuiu.VegerinaVV.Sprint4.Task4.V26.Lib", "Tyuiu.VegerinaVV.Sprint4.Task4.V26.Lib\Tyuiu.VegerinaVV.Sprint4.Task4.V26.Lib.csproj", "{5F981E68-FD23-466B-B35E-E6103DDA6252}"
EndProject
Project("{FAE04EC0-301F-11D3-BF4B-00C04F79EFBC}") = "Tyuiu.VegerinaVV.Sprint4.Task4.V26.Test", "Tyuiu.VegerinaVV.Sprint4.Task4.V26.Test\Tyuiu.VegerinaVV.Sprint4.Task4.V26.Test.csproj", "{98D6D6EB-D573-4F65-B8AB-96B310764E42}"
EndProject
Global
	GlobalSection(SolutionConfigurationPlatforms) = preSolution
		Debug|Any CPU = Debug|Any CPU
		Release|Any CPU = Release|Any CPU
	EndGlobalSection
	GlobalSection(ProjectConfigurationPlatforms) = postSolution
		{77B8F5C5-F43F-423B-B8A8-929B41FD82DA}.Debug|Any CPU.ActiveCfg = Debug|Any CPU
		{77B8F5C5-F43F-423B-B8A8-929B41FD82DA}.Debug|Any CPU.Build.0 = Debug|Any CPU
		{77B8F5C5-F43F-423B-B8A8-929B41FD82DA}.Release|Any CPU.ActiveCfg = Release|Any CPU
		{77B8F5C5-F43F-423B-B8A8-929B41FD82DA}.Release|Any CPU.Build.0 = Release|Any CPU
		{4D88E71E-2F98-4E62-83D3-67F4B5D145BE}.Debug|Any CPU.ActiveCfg = Debug|Any CPU
		{4D88E71E-2F98-4E62-83D3-67F4B5D145BE}.Debug|Any CPU.Build.0 = Debug|Any CPU
		{4D88E71E-2F98-4E62-83D3-67F4B5D145BE}.Release|Any CPU.ActiveCfg = Release|Any CPU
		{4D88E71E-2F98-4E62-83D3-67F4B5D145BE}.Release|Any CPU.Build.0 = Release|Any CPU
		{8CAF66D6-D673-430C-B032-6115C7795290}.Debug|Any CPU.ActiveCfg = Debug|Any CPU
		{8CAF66D6-D673-430C-B032-6115C7795290}.Debug|Any CPU.Build.0 = Debug|Any CPU
		{8CAF66D6-D673-430C-B032-6115C7795290}.Release|Any CPU.ActiveCfg = Release|Any CPU
		{8CAF66D6-D673-430C-B032-6115C7795290}.Release|Any CPU.Build.0 = Release|Any CPU
		{D2A6AAB4-E00F-41DD-A304-29F99FEB95E7}.Debug|Any CPU.ActiveCfg = Debug|Any CPU
		{D2A6AAB4-E00F-41DD-A304-29F99FEB95E7}.Debug|Any CPU.Build.0 = Debug|Any CPU
		{D2A6AAB4-E00F-41DD-A304-29F99FEB95E7}.Release|Any CPU.ActiveCfg = Release|Any CPU
		{D2A6AAB4-E00F-41DD-A304-29F99FEB95E7}.Release|Any CPU.Build.0 = Release|Any CPU
		{B4310938-4DB0-443A-9E5A-D30E895D905B}.Debug|Any CPU.ActiveCfg = Debug|Any CPU
		{B4310938-4DB0-443A-9E5A-D30E895D905B}.Debug|Any CPU.Build.0 = Debug|Any CPU
		{B4310938-4DB0-443A-9E5A-D30E895D905B}.Release|Any CPU.ActiveCfg = Release|Any CPU
		{B4310938-4DB0-443A-9E5A-D30E895D905B}.Release|Any CPU.Build.0 = Release|Any CPU
		{63B16EDB-FE84-4F71-AA8A-A6EE600C55FE}.Debug|Any CPU.ActiveCfg = Debug|Any CPU
		{63B16EDB-FE84-4F71-AA8A-A6EE600C55FE}.Debug|Any CPU.Build.0 = Debug|Any CPU
		{63B16EDB-FE84-4F71-AA8A-A6EE600C55FE}.Release|Any CPU.ActiveCfg = Release|Any CPU
		{63B16EDB-FE84-4F71-AA8A-A6EE600C55FE}.Release|Any CPU.Build.0 = Release|Any CPU
		{147F6406-A2B0-4E80-8328-7E764102B268}.Debug|Any CPU.ActiveCfg = Debug|Any CPU
		{147F6406-A2B0-4E80-8328-7E764102B268}.Debug|Any CPU.Build.0 = Debug|Any CPU
		{147F6406-A2B0-4E80-8328-7E764102B268}.Release|Any CPU.ActiveCfg = Release|Any CPU
		{147F6406-A2B0-4E80-8328-7E764102B268}.Release|Any CPU.Build.0 = Release|Any CPU
		{3C3E7D60-1CBF-49FE-B4BA-4953CD5665DB}.Debug|Any CPU.ActiveCfg = Debug|Any CPU
		{3C3E7D60-1CBF-49FE-B4BA-4953CD5665DB}.Debug|Any CPU.Build.0 = Debug|Any CPU
		{3C3E7D60-1CBF-49FE-B4BA-4953CD5665DB}.Release|Any CPU.ActiveCfg = Release|Any CPU
		{3C3E7D60-1CBF-49FE-B4BA-4953CD5665DB}.Release|Any CPU.Build.0 = Release|Any CPU
		{A4E2AC57-CE2E-40DF-B0E6-6C63815E7581}.Debug|Any CPU.ActiveCfg = Debug|Any CPU
		{A4E2AC57-CE2E-40DF-B0E6-6C63815E7581}.Debug|Any CPU.Build.0 = Debug|Any CPU
		{A4E2AC57-CE2E-40DF-B0E6-6C63815E7581}.Release|Any CPU.ActiveCfg = Release|Any CPU
		{A4E2AC57-CE2E-40DF-B0E6-6C63815E7581}.Release|Any CPU.Build.0 = Release|Any CPU
		{BA008AD1-92E9-4927-A715-45B2059E4B01}.Debug|Any CPU.ActiveCfg = Debug|Any CPU
		{BA008AD1-92E9-4927-A715-45B2059E4B01}.Debug|Any CPU.Build.0 = Debug|Any CPU
		{BA008AD1-92E9-4927-A715-45B2059E4B01}.Release|Any CPU.ActiveCfg = Release|Any CPU
		{BA008AD1-92E9-4927-A715-45B2059E4B01}.Release|Any CPU.Build.0 = Release|Any CPU
		{2F97EBA6-8BA2-442C-8E83-E35C5B0C734A}.Debug|Any CPU.ActiveCfg = Debug|Any CPU
		{2F97EBA6-8BA2-442C-8E83-E35C5B0C734A}.Debug|Any CPU.Build.0 = Debug|Any CPU
		{2F97EBA6-8BA2-442C-8E83-E35C5B0C734A}.Release|Any CPU.ActiveCfg = Release|Any CPU
		{2F97EBA6-8BA2-442C-8E83-E35C5B0C734A}.Release|Any CPU.Build.0 = Release|Any CPU
		{CA7A4CF6-7207-4940-9C8F-F58952B69B0E}.Debug|Any CPU.ActiveCfg = Debug|Any CPU
		{CA7A4CF6-7207-4940-9C8F-F58952B69B0E}.Debug|Any CPU.Build.0 = Debug|Any CPU
		{CA7A4CF6-7207-4940-9C8F-F58952B69B0E}.Release|Any CPU.ActiveCfg = Release|Any CPU
		{CA7A4CF6-7207-4940-9C8F-F58952B69B0E}.Release|Any CPU.Build.0 = Release|Any CPU
		{C1EC3C75-8F7C-4119-8BFD-9DA7E3462850}.Debug|Any CPU.ActiveCfg = Debug|Any CPU
		{C1EC3C75-8F7C-4119-8BFD-9DA7E3462850}.Debug|Any CPU.Build.0 = Debug|Any CPU
		{C1EC3C75-8F7C-4119-8BFD-9DA7E3462850}.Release|Any CPU.ActiveCfg = Release|Any CPU
		{C1EC3C75-8F7C-4119-8BFD-9DA7E3462850}.Release|Any CPU.Build.0 = Release|Any CPU
		{5F981E68-FD23-466B-B35E-E6103DDA6252}.Debug|Any CPU.ActiveCfg = Debug|Any CPU
		{5F981E68-FD23-466B-B35E-E6103DDA6252}.Debug|Any CPU.Build.0 = Debug|Any CPU
		{5F981E68-FD23-466B-B35E-E6103DDA6252}.Release|Any CPU.ActiveCfg = Release|Any CPU
		{5F981E68-FD23-466B-B35E-E6103DDA6252}.Release|Any CPU.Build.0 = Release|Any CPU
		{98D6D6EB-D573-4F65-B8AB-96B310764E42}.Debug|Any CPU.ActiveCfg = Debug|Any CPU
		{98D6D6EB-D573-4F65-B8AB-96B310764E42}.Debug|Any CPU.Build.0 = Debug|Any CPU
		{98D6D6EB-D573-4F65-B8AB-96B310764E42}.Release|Any CPU.ActiveCfg = Release|Any CPU
		{98D6D6EB-D573-4F65-B8AB-96B310764E42}.Release|Any CPU.Build.0 = Release|Any CPU
	EndGlobalSection
	GlobalSection(SolutionProperties) = preSolution
		HideSolutionNode = FALSE
	EndGlobalSection
	GlobalSection(NestedProjects) = preSolution
		{77B8F5C5-F43F-423B-B8A8-929B41FD82DA} = {02EA681E-C7D8-13C7-8484-4AC65E1B71E8}
		{4D88E71E-2F98-4E62-83D3-67F4B5D145BE} = {02EA681E-C7D8-13C7-8484-4AC65E1B71E8}
		{8CAF66D6-D673-430C-B032-6115C7795290} = {02EA681E-C7D8-13C7-8484-4AC65E1B71E8}
		{D2A6AAB4-E00F-41DD-A304-29F99FEB95E7} = {9E48CC41-29D2-466A-86A2-EBDD45205B15}
		{B4310938-4DB0-443A-9E5A-D30E895D905B} = {9E48CC41-29D2-466A-86A2-EBDD45205B15}
		{63B16EDB-FE84-4F71-AA8A-A6EE600C55FE} = {9E48CC41-29D2-466A-86A2-EBDD45205B15}
		{147F6406-A2B0-4E80-8328-7E764102B268} = {16BAC63C-39B3-425B-9D60-D2DB1200A642}
		{3C3E7D60-1CBF-49FE-B4BA-4953CD5665DB} = {16BAC63C-39B3-425B-9D60-D2DB1200A642}
		{A4E2AC57-CE2E-40DF-B0E6-6C63815E7581} = {16BAC63C-39B3-425B-9D60-D2DB1200A642}
		{BA008AD1-92E9-4927-A715-45B2059E4B01} = {5CC13842-436D-408E-88D0-391099743A1F}
		{2F97EBA6-8BA2-442C-8E83-E35C5B0C734A} = {5CC13842-436D-408E-88D0-391099743A1F}
		{CA7A4CF6-7207-4940-9C8F-F58952B69B0E} = {5CC13842-436D-408E-88D0-391099743A1F}
		{C1EC3C75-8F7C-4119-8BFD-9DA7E3462850} = {25ACD014-2A87-4A6B-A24D-32F97EA65AAB}
		{5F981E68-FD23-466B-B35E-E6103DDA6252} = {25ACD014-2A87-4A6B-A24D-32F97EA65AAB}
		{98D6D6EB-D573-4F65-B8AB-96B310764E42} = {25ACD014-2A87-4A6B-A24D-32F97EA65AAB}
	EndGlobalSection
	GlobalSection(ExtensibilityGlobals) = postSolution
		SolutionGuid = {23F28578-5830-46F4-B4D4-F37FDD484490}
	EndGlobalSection
EndGlobal
